{
  "name": "frontend",
  "version": "0.0.0",
  "lockfileVersion": 1,
  "requires": true,
  "dependencies": {
    "@angular-devkit/architect": {
      "version": "0.901.13",
      "resolved": "https://registry.npmjs.org/@angular-devkit/architect/-/architect-0.901.13.tgz",
      "integrity": "sha512-vwIVlG+4TJKcnwMcgpkrMXXzjKnk87AEmgERynJVxGYpRJYppHWd6ul7bYdJQATuLUNbJrgdc+lvU4PZqi8Z2A==",
      "dev": true,
      "requires": {
        "@angular-devkit/core": "9.1.13",
        "rxjs": "6.5.4"
      },
      "dependencies": {
        "rxjs": {
          "version": "6.5.4",
          "resolved": "https://registry.npmjs.org/rxjs/-/rxjs-6.5.4.tgz",
          "integrity": "sha512-naMQXcgEo3csAEGvw/NydRA0fuS2nDZJiw1YUWFKU7aPPAPGZEsD4Iimit96qwCieH6y614MCLYwdkrWx7z/7Q==",
          "dev": true,
          "requires": {
            "tslib": "^1.9.0"
          }
        }
      }
    },
    "@angular-devkit/build-angular": {
      "version": "0.901.13",
      "resolved": "https://registry.npmjs.org/@angular-devkit/build-angular/-/build-angular-0.901.13.tgz",
      "integrity": "sha512-CJg6XTw+fYQOuu1Lt4g2KANxo0bdvpj+ozaVIM3u3ejjrvZB1FS+oDJLubkPW8PCQZHOEM8VugQKameZemqwfQ==",
      "dev": true,
      "requires": {
        "@angular-devkit/architect": "0.901.13",
        "@angular-devkit/build-optimizer": "0.901.13",
        "@angular-devkit/build-webpack": "0.901.13",
        "@angular-devkit/core": "9.1.13",
        "@babel/core": "7.9.0",
        "@babel/generator": "7.9.3",
        "@babel/preset-env": "7.9.0",
        "@babel/template": "7.8.6",
        "@jsdevtools/coverage-istanbul-loader": "3.0.3",
        "@ngtools/webpack": "9.1.13",
        "ajv": "6.12.3",
        "autoprefixer": "9.7.4",
        "babel-loader": "8.0.6",
        "browserslist": "^4.9.1",
        "cacache": "15.0.0",
        "caniuse-lite": "^1.0.30001032",
        "circular-dependency-plugin": "5.2.0",
        "copy-webpack-plugin": "6.0.3",
        "core-js": "3.6.4",
        "css-loader": "3.5.1",
        "cssnano": "4.1.10",
        "file-loader": "6.0.0",
        "find-cache-dir": "3.3.1",
        "glob": "7.1.6",
        "jest-worker": "25.1.0",
        "karma-source-map-support": "1.4.0",
        "less": "3.11.3",
        "less-loader": "5.0.0",
        "license-webpack-plugin": "2.1.4",
        "loader-utils": "2.0.0",
        "mini-css-extract-plugin": "0.9.0",
        "minimatch": "3.0.4",
        "open": "7.0.3",
        "parse5": "4.0.0",
        "postcss": "7.0.27",
        "postcss-import": "12.0.1",
        "postcss-loader": "3.0.0",
        "raw-loader": "4.0.0",
        "regenerator-runtime": "0.13.5",
        "rimraf": "3.0.2",
        "rollup": "2.1.0",
        "rxjs": "6.5.4",
        "sass": "1.26.3",
        "sass-loader": "8.0.2",
        "semver": "7.1.3",
        "source-map": "0.7.3",
        "source-map-loader": "0.2.4",
        "speed-measure-webpack-plugin": "1.3.1",
        "style-loader": "1.1.3",
        "stylus": "0.54.7",
        "stylus-loader": "3.0.2",
        "terser": "4.6.10",
        "terser-webpack-plugin": "3.0.3",
        "tree-kill": "1.2.2",
        "webpack": "4.42.0",
        "webpack-dev-middleware": "3.7.2",
        "webpack-dev-server": "3.11.0",
        "webpack-merge": "4.2.2",
        "webpack-sources": "1.4.3",
        "webpack-subresource-integrity": "1.4.0",
        "worker-plugin": "4.0.3"
      },
      "dependencies": {
        "rxjs": {
          "version": "6.5.4",
          "resolved": "https://registry.npmjs.org/rxjs/-/rxjs-6.5.4.tgz",
          "integrity": "sha512-naMQXcgEo3csAEGvw/NydRA0fuS2nDZJiw1YUWFKU7aPPAPGZEsD4Iimit96qwCieH6y614MCLYwdkrWx7z/7Q==",
          "dev": true,
          "requires": {
            "tslib": "^1.9.0"
          }
        }
      }
    },
    "@angular-devkit/build-optimizer": {
      "version": "0.901.13",
      "resolved": "https://registry.npmjs.org/@angular-devkit/build-optimizer/-/build-optimizer-0.901.13.tgz",
      "integrity": "sha512-FbUt5xKks8MfUCpzbr3C8/uHr0GbQijHI3byrsoFvFNRd6e2ZO7qt6yvqqz5VVM7fW0o/RBl4i3WobVsw5QFDg==",
      "dev": true,
      "requires": {
        "loader-utils": "2.0.0",
        "source-map": "0.7.3",
        "tslib": "1.11.1",
        "typescript": "3.6.5",
        "webpack-sources": "1.4.3"
      },
      "dependencies": {
        "tslib": {
          "version": "1.11.1",
          "resolved": "https://registry.npmjs.org/tslib/-/tslib-1.11.1.tgz",
          "integrity": "sha512-aZW88SY8kQbU7gpV19lN24LtXh/yD4ZZg6qieAJDDg+YBsJcSmLGK9QpnUjAKVG/xefmvJGd1WUmfpT/g6AJGA==",
          "dev": true
        },
        "typescript": {
          "version": "3.6.5",
          "resolved": "https://registry.npmjs.org/typescript/-/typescript-3.6.5.tgz",
          "integrity": "sha512-BEjlc0Z06ORZKbtcxGrIvvwYs5hAnuo6TKdNFL55frVDlB+na3z5bsLhFaIxmT+dPWgBIjMo6aNnTOgHHmHgiQ==",
          "dev": true
        }
      }
    },
    "@angular-devkit/build-webpack": {
      "version": "0.901.13",
      "resolved": "https://registry.npmjs.org/@angular-devkit/build-webpack/-/build-webpack-0.901.13.tgz",
      "integrity": "sha512-Hgxax3E5YzFyBT6+GEt6NcKVKKxt6x77gALpY14Hj1qc/Axdre8uWjPIiKnXw1TX4SyU5sg9LkUz8IaaJ60EOQ==",
      "dev": true,
      "requires": {
        "@angular-devkit/architect": "0.901.13",
        "@angular-devkit/core": "9.1.13",
        "rxjs": "6.5.4"
      },
      "dependencies": {
        "rxjs": {
          "version": "6.5.4",
          "resolved": "https://registry.npmjs.org/rxjs/-/rxjs-6.5.4.tgz",
          "integrity": "sha512-naMQXcgEo3csAEGvw/NydRA0fuS2nDZJiw1YUWFKU7aPPAPGZEsD4Iimit96qwCieH6y614MCLYwdkrWx7z/7Q==",
          "dev": true,
          "requires": {
            "tslib": "^1.9.0"
          }
        }
      }
    },
    "@angular-devkit/core": {
      "version": "9.1.13",
      "resolved": "https://registry.npmjs.org/@angular-devkit/core/-/core-9.1.13.tgz",
      "integrity": "sha512-bwehVRsva9OWfh/yuEh9VU+0Gr1T7DHJLe8tpZk/VsIkGOD0IszEPZOIEK23bg32yiff9bh6qJEPMA7ZBYEQHg==",
      "dev": true,
      "requires": {
        "ajv": "6.12.3",
        "fast-json-stable-stringify": "2.1.0",
        "magic-string": "0.25.7",
        "rxjs": "6.5.4",
        "source-map": "0.7.3"
      },
      "dependencies": {
        "rxjs": {
          "version": "6.5.4",
          "resolved": "https://registry.npmjs.org/rxjs/-/rxjs-6.5.4.tgz",
          "integrity": "sha512-naMQXcgEo3csAEGvw/NydRA0fuS2nDZJiw1YUWFKU7aPPAPGZEsD4Iimit96qwCieH6y614MCLYwdkrWx7z/7Q==",
          "dev": true,
          "requires": {
            "tslib": "^1.9.0"
          }
        }
      }
    },
    "@angular-devkit/schematics": {
      "version": "9.1.13",
      "resolved": "https://registry.npmjs.org/@angular-devkit/schematics/-/schematics-9.1.13.tgz",
      "integrity": "sha512-DZBmfYE6xIfC6PDMvQpR8B31TtLWOmSeTQPnmSm9gj6OZpyqFqoGWOz/0l05FH6zC8HLthAAFJSEnPYyhzWDvg==",
      "dev": true,
      "requires": {
        "@angular-devkit/core": "9.1.13",
        "ora": "4.0.3",
        "rxjs": "6.5.4"
      },
      "dependencies": {
        "rxjs": {
          "version": "6.5.4",
          "resolved": "https://registry.npmjs.org/rxjs/-/rxjs-6.5.4.tgz",
          "integrity": "sha512-naMQXcgEo3csAEGvw/NydRA0fuS2nDZJiw1YUWFKU7aPPAPGZEsD4Iimit96qwCieH6y614MCLYwdkrWx7z/7Q==",
          "dev": true,
          "requires": {
            "tslib": "^1.9.0"
          }
        }
      }
    },
    "@angular/animations": {
      "version": "9.1.13",
      "resolved": "https://registry.npmjs.org/@angular/animations/-/animations-9.1.13.tgz",
      "integrity": "sha512-ane1eeQmsP7fcAiLgRhle7YIDgE88WDMMvzqJYhSxwLzXNF/hwqNeskmNcjo8bLt9h/yTIjrCQbycLCHJfU8UQ=="
    },
      }
    },
      "dev": true,
      "requires": {
      }
    },
      "dev": true,
      "requires": {
      }
    },
      "version": "1.8.5",
    },
    },
      "dev": true,
      "requires": {
    },
      "dev": true
    },
      "dev": true
    },
    },
      }
    },
      "dev": true,
      "requires": {
    },
      }
    },
        }
      }
    },
      "dev": true
    },
      }
    },
      "dev": true,
      "requires": {
      }
    },
      "dev": true,
      "requires": {
        "debug": {
          "version": "2.6.9",
          "resolved": "https://registry.npmjs.org/debug/-/debug-2.6.9.tgz",
          "integrity": "sha512-bC7ElrdJaJnPbAP+1EotYvqZsb3ecl5wi6Bfi6BJTUcNowp6cvspg0jXznRTKDjm/E7AdgFBVeAPVMNcKGsHMA==",
          "dev": true,
          "requires": {
            "ms": "2.0.0"
          }
        },
    },
      "dev": true,
      "requires": {
    },
      "dev": true
    },
      "dev": true,
      "requires": {
    },
    },
      "dev": true
    },
      "dev": true
    },
      "dev": true
    },
    },
      "dev": true
    },
    },
      "dev": true,
      "requires": {
      }
    },
    },
    },
    },
      "dev": true
    },
      "dev": true
    },
      "dev": true,
      "requires": {
      }
    },
    },
          "dev": true
      }
    },
      "dev": true,
      "requires": {
      }
    },
    },
        },
        },
      }
    },
      "dev": true,
      "requires": {
      }
    },
      "dev": true,
      "requires": {
    },
        }
      }
    },
      "dev": true
    },
      "dev": true
    },
      "dev": true,
      "requires": {
      }
    },
      "dev": true
    },
      "dev": true,
      "requires": {
    },
      }
    },
      },
      "dependencies": {
        "hosted-git-info": {
          "version": "2.8.8",
          "resolved": "https://registry.npmjs.org/hosted-git-info/-/hosted-git-info-2.8.8.tgz",
          "integrity": "sha512-f/wzC2QaWBs7t9IYqB4T3sR1xviIViXJRJTWBlx2Gf3g0Xi5vI7Yy4koXQ1c9OYDGHN9sBy1DQ2AB8fqZBWhUg==",
          "dev": true
        },
    },
      "dev": true,
      "requires": {
      }
    },
      "dev": true,
      "requires": {
      }
    },
      "dev": true
    },
          "dev": true,
          "requires": {
      },
      "dependencies": {
      }
    },
      "dev": true,
      "requires": {
        },
          }
        },
          "dev": true,
          "requires": {
      }
    },
      }
    },
      }
    },
      "dev": true,
      "requires": {
      }
    },
      "dev": true
    },
      "dev": true
    },
      "dev": true,
      "requires": {
        },
          "dev": true,
          "requires": {
          }
        }
      }
    },
      "dev": true,
      "requires": {
      }
    },
      }
    },
    },
          "dev": true,
          "requires": {
    },
      }
    },
    },
    },
      "dev": true
    },
      "dev": true
    },
      "dev": true
    },
      "dev": true,
      "requires": {
    },
      "dev": true
    },
      "dev": true,
      "requires": {
      }
    },
          "requires": {
          "dev": true,
          "requires": {
          }
        },
          "dev": true,
          "requires": {
        },
        },
          "dev": true,
          "dev": true,
          "requires": {
      }
    },
      "dev": true,
      "requires": {
          }
        }
      }
    },
    "wrappy": {
      "version": "1.0.2",
      "resolved": "https://registry.npmjs.org/wrappy/-/wrappy-1.0.2.tgz",
      "integrity": "sha1-tSQ9jz7BqjXxNkYFvA0QNuMKtp8=",
      "dev": true
    },
    "ws": {
      "version": "6.2.1",
      "resolved": "https://registry.npmjs.org/ws/-/ws-6.2.1.tgz",
      "integrity": "sha512-GIyAXC2cB7LjvpgMt9EKS2ldqr0MTrORaleiOno6TweZ6r3TKtoFQWay/2PceJ3RuBasOHzXNn5Lrw1X0bEjqA==",
      "dev": true,
      "requires": {
        "async-limiter": "~1.0.0"
      }
    },
    "xml2js": {
      "version": "0.4.23",
      "resolved": "https://registry.npmjs.org/xml2js/-/xml2js-0.4.23.tgz",
      "integrity": "sha512-ySPiMjM0+pLDftHgXY4By0uswI3SPKLDw/i3UXbnO8M/p28zqexCUoPmQFrYD+/1BzhGJSs2i1ERWKJAtiLrug==",
      "dev": true,
      "requires": {
        "sax": ">=0.6.0",
        "xmlbuilder": "~11.0.0"
      }
    },
    "xmlbuilder": {
      "version": "11.0.1",
      "resolved": "https://registry.npmjs.org/xmlbuilder/-/xmlbuilder-11.0.1.tgz",
      "integrity": "sha512-fDlsI/kFEx7gLvbecc0/ohLG50fugQp8ryHzMTuW9vSa1GJ0XYWKnhsUx7oie3G98+r56aTQIUB4kht42R3JvA==",
      "dev": true
    },
    "xmlhttprequest-ssl": {
      "version": "1.5.5",
      "resolved": "https://registry.npmjs.org/xmlhttprequest-ssl/-/xmlhttprequest-ssl-1.5.5.tgz",
      "integrity": "sha1-wodrBhaKrcQOV9l+gRkayPQ5iz4=",
      "dev": true
    },
    "xtend": {
      "version": "4.0.2",
      "resolved": "https://registry.npmjs.org/xtend/-/xtend-4.0.2.tgz",
      "integrity": "sha512-LKYU1iAXJXUgAXn9URjiu+MWhyUXHsvfp7mcuYm9dSUKK0/CjtrUwFAxD82/mCWbtLsGjFIad0wIsod4zrTAEQ==",
      "dev": true
    },
    "y18n": {
      "version": "4.0.1",
      "resolved": "https://registry.npmjs.org/y18n/-/y18n-4.0.1.tgz",
      "integrity": "sha512-wNcy4NvjMYL8gogWWYAO7ZFWFfHcbdbE57tZO8e4cbpj8tfUcwrwqSl3ad8HxpYWCdXcJUCeKKZS62Av1affwQ==",
      "dev": true
    },
    "yallist": {
      "version": "4.0.0",
      "resolved": "https://registry.npmjs.org/yallist/-/yallist-4.0.0.tgz",
      "integrity": "sha512-3wdGidZyq5PB084XLES5TpOSRA3wjXAlIWMhum2kRcv/41Sn2emQ0dycQW4uZXLejwKvg6EsvbdlVL+FYEct7A==",
      "dev": true
    },
    "yargs": {
      "version": "13.3.2",
      "resolved": "https://registry.npmjs.org/yargs/-/yargs-13.3.2.tgz",
      "integrity": "sha512-AX3Zw5iPruN5ie6xGRIDgqkT+ZhnRlZMLMHAs8tg7nRruy2Nb+i5o9bwghAogtM08q1dpr2LVoS8KSTMYpWXUw==",
      "dev": true,
      "requires": {
        "cliui": "^5.0.0",
        "find-up": "^3.0.0",
        "get-caller-file": "^2.0.1",
        "require-directory": "^2.1.1",
        "require-main-filename": "^2.0.0",
        "set-blocking": "^2.0.0",
        "string-width": "^3.0.0",
        "which-module": "^2.0.0",
        "y18n": "^4.0.0",
        "yargs-parser": "^13.1.2"
      }
    },
    "yargs-parser": {
      "version": "13.1.2",
      "resolved": "https://registry.npmjs.org/yargs-parser/-/yargs-parser-13.1.2.tgz",
      "integrity": "sha512-3lbsNRf/j+A4QuSZfDRA7HRSfWrzO0YjqTJd5kjAq37Zep1CEgaYmrH9Q3GwPiB9cHyd1Y1UwggGhJGoxipbzg==",
      "dev": true,
      "requires": {
        "camelcase": "^5.0.0",
        "decamelize": "^1.2.0"
      }
    },
    "yeast": {
      "version": "0.1.2",
      "resolved": "https://registry.npmjs.org/yeast/-/yeast-0.1.2.tgz",
      "integrity": "sha1-AI4G2AlDIMNy28L47XagymyKxBk=",
      "dev": true
    },
    "yn": {
      "version": "3.1.1",
      "resolved": "https://registry.npmjs.org/yn/-/yn-3.1.1.tgz",
      "integrity": "sha512-Ux4ygGWsu2c7isFWe8Yu1YluJmqVhxqK2cLXNQA5AcC3QfbGNpM7fu0Y8b/z16pXLnFxZYvWhd3fhBY9DLmC6Q==",
      "dev": true
    },
    "yocto-queue": {
      "version": "0.1.0",
      "resolved": "https://registry.npmjs.org/yocto-queue/-/yocto-queue-0.1.0.tgz",
      "integrity": "sha512-rVksvsnNCdJ/ohGc6xgPwyN8eheCxsiLM8mxuE/t/mOVqJewPuO1miLpTHQiRgTKCLexL4MeAFVagts7HmNZ2Q==",
      "dev": true
    },
    "zone.js": {
      "version": "0.10.3",
      "resolved": "https://registry.npmjs.org/zone.js/-/zone.js-0.10.3.tgz",
      "integrity": "sha512-LXVLVEq0NNOqK/fLJo3d0kfzd4sxwn2/h67/02pjCjfKDxgx1i9QqpvtHD8CrBnSSwMw5+dy11O7FRX5mkO7Cg=="
    }
  }
}
